
Microsoft Visual Studio Solution File, Format Version 12.00
# Visual Studio 2015
Project("{FAE04EC0-301F-11D3-BF4B-00C04F79EFBC}") = "interplanitary.CSharp", "interplanitary.CSharp.csproj", "{05D644F0-4466-24BC-4D84-D1E0D9419A1C}"
EndProject
Project("{FAE04EC0-301F-11D3-BF4B-00C04F79EFBC}") = "interplanitary.CSharp.Editor", "interplanitary.CSharp.Editor.csproj", "{6AC96E17-E000-A404-7404-DC1DB197A60D}"
EndProject
Global
	GlobalSection(SolutionConfigurationPlatforms) = preSolution
		Debug|Any CPU = Debug|Any CPU
		Release|Any CPU = Release|Any CPU
	EndGlobalSection
	GlobalSection(ProjectConfigurationPlatforms) = postSolution
		{05D644F0-4466-24BC-4D84-D1E0D9419A1C}.Debug|Any CPU.ActiveCfg = Debug|Any CPU
		{05D644F0-4466-24BC-4D84-D1E0D9419A1C}.Debug|Any CPU.Build.0 = Debug|Any CPU
		{05D644F0-4466-24BC-4D84-D1E0D9419A1C}.Release|Any CPU.ActiveCfg = Release|Any CPU
		{05D644F0-4466-24BC-4D84-D1E0D9419A1C}.Release|Any CPU.Build.0 = Release|Any CPU
		{6AC96E17-E000-A404-7404-DC1DB197A60D}.Debug|Any CPU.ActiveCfg = Debug|Any CPU
		{6AC96E17-E000-A404-7404-DC1DB197A60D}.Debug|Any CPU.Build.0 = Debug|Any CPU
		{6AC96E17-E000-A404-7404-DC1DB197A60D}.Release|Any CPU.ActiveCfg = Release|Any CPU
		{6AC96E17-E000-A404-7404-DC1DB197A60D}.Release|Any CPU.Build.0 = Release|Any CPU
	EndGlobalSection
	GlobalSection(SolutionProperties) = preSolution
		HideSolutionNode = FALSE
	EndGlobalSection
EndGlobal
